{
  "name": "tessel-led-pwm",
  "version": "0.0.0",
  "lockfileVersion": 1,
  "requires": true,
  "dependencies": {
    "nodejs-websocket": {
      "version": "1.7.1",
      "resolved": "https://registry.npmjs.org/nodejs-websocket/-/nodejs-websocket-1.7.1.tgz",
      "integrity": "sha1-zM+7qCO/HPqWgPFoq3q1MSHkhBA="
    },
    "tiny-router": {
      "version": "0.1.5",
      "resolved": "https://registry.npmjs.org/tiny-router/-/tiny-router-0.1.5.tgz",
      "integrity": "sha1-tNxEoYNXTpki8oGNmaBe6RKvfGo="
    }
  }
}
